
Microsoft Visual Studio Solution File, Format Version 12.00
# Visual Studio 15
VisualStudioVersion = 15.0.27428.2005
MinimumVisualStudioVersion = 10.0.40219.1
Project("{FAE04EC0-301F-11D3-BF4B-00C04F79EFBC}") = "examples", "examples.csproj", "{D5A29972-E5E4-48C7-B171-A890848CCD42}"
EndProject
Global
	GlobalSection(SolutionConfigurationPlatforms) = preSolution
		Debug|Any CPU = Debug|Any CPU
		Release|Any CPU = Release|Any CPU
	EndGlobalSection
	GlobalSection(ProjectConfigurationPlatforms) = postSolution
		{D5A29972-E5E4-48C7-B171-A890848CCD42}.Debug|Any CPU.ActiveCfg = Debug|Any CPU
		{D5A29972-E5E4-48C7-B171-A890848CCD42}.Debug|Any CPU.Build.0 = Debug|Any CPU
		{D5A29972-E5E4-48C7-B171-A890848CCD42}.Release|Any CPU.ActiveCfg = Release|Any CPU
		{D5A29972-E5E4-48C7-B171-A890848CCD42}.Release|Any CPU.Build.0 = Release|Any CPU
	EndGlobalSection
	GlobalSection(SolutionProperties) = preSolution
		HideSolutionNode = FALSE
	EndGlobalSection
	GlobalSection(ExtensibilityGlobals) = postSolution
		SolutionGuid = {22E58912-DAEF-423A-8DF9-A46BB6089AC0}
	EndGlobalSection
EndGlobal
